# This file is generated by running "yarn install" inside your project.
# Manual changes might be lost - proceed with caution!

__metadata:
  version: 8
  cacheKey: 10c0

"@ampproject/remapping@npm:^2.2.0":
  version: 2.2.1
  resolution: "@ampproject/remapping@npm:2.2.1"
  dependencies:
    "@jridgewell/gen-mapping": "npm:^0.3.0"
    "@jridgewell/trace-mapping": "npm:^0.3.9"
  checksum: 92ce5915f8901d8c7cd4f4e6e2fe7b9fd335a29955b400caa52e0e5b12ca3796ada7c2f10e78c9c5b0f9c2539dff0ffea7b19850a56e1487aa083531e1e46d43
  languageName: node
  linkType: hard

"@babel/code-frame@npm:^7.22.13, @babel/code-frame@npm:^7.23.5":
  version: 7.23.5
  resolution: "@babel/code-frame@npm:7.23.5"
  dependencies:
    "@babel/highlight": "npm:^7.23.4"
    chalk: "npm:^2.4.2"
  checksum: a10e843595ddd9f97faa99917414813c06214f4d9205294013e20c70fbdf4f943760da37dec1d998bf3e6fc20fa2918a47c0e987a7e458663feb7698063ad7c6
  languageName: node
  linkType: hard

"@babel/compat-data@npm:^7.23.5":
  version: 7.23.5
  resolution: "@babel/compat-data@npm:7.23.5"
  checksum: 081278ed46131a890ad566a59c61600a5f9557bd8ee5e535890c8548192532ea92590742fd74bd9db83d74c669ef8a04a7e1c85cdea27f960233e3b83c3a957c
  languageName: node
  linkType: hard

"@babel/core@npm:^7.23.2":
  version: 7.23.6
  resolution: "@babel/core@npm:7.23.6"
  dependencies:
    "@ampproject/remapping": "npm:^2.2.0"
    "@babel/code-frame": "npm:^7.23.5"
    "@babel/generator": "npm:^7.23.6"
    "@babel/helper-compilation-targets": "npm:^7.23.6"
    "@babel/helper-module-transforms": "npm:^7.23.3"
    "@babel/helpers": "npm:^7.23.6"
    "@babel/parser": "npm:^7.23.6"
    "@babel/template": "npm:^7.22.15"
    "@babel/traverse": "npm:^7.23.6"
    "@babel/types": "npm:^7.23.6"
    convert-source-map: "npm:^2.0.0"
    debug: "npm:^4.1.0"
    gensync: "npm:^1.0.0-beta.2"
    json5: "npm:^2.2.3"
    semver: "npm:^6.3.1"
  checksum: a02bae7d916029b70706dc301535e1b31e5d216f55d4ee6f64a15825c6b69ee2c14c52a213d1497ec414e925ed4e9d897d41fb0d75df9fea28ed2c0008790e31
  languageName: node
  linkType: hard

"@babel/generator@npm:^7.23.6":
  version: 7.23.6
  resolution: "@babel/generator@npm:7.23.6"
  dependencies:
    "@babel/types": "npm:^7.23.6"
    "@jridgewell/gen-mapping": "npm:^0.3.2"
    "@jridgewell/trace-mapping": "npm:^0.3.17"
    jsesc: "npm:^2.5.1"
  checksum: 53540e905cd10db05d9aee0a5304e36927f455ce66f95d1253bb8a179f286b88fa7062ea0db354c566fe27f8bb96567566084ffd259f8feaae1de5eccc8afbda
  languageName: node
  linkType: hard

"@babel/helper-annotate-as-pure@npm:^7.22.5":
  version: 7.22.5
  resolution: "@babel/helper-annotate-as-pure@npm:7.22.5"
  dependencies:
    "@babel/types": "npm:^7.22.5"
  checksum: 5a80dc364ddda26b334bbbc0f6426cab647381555ef7d0cd32eb284e35b867c012ce6ce7d52a64672ed71383099c99d32765b3d260626527bb0e3470b0f58e45
  languageName: node
  linkType: hard

"@babel/helper-compilation-targets@npm:^7.23.6":
  version: 7.23.6
  resolution: "@babel/helper-compilation-targets@npm:7.23.6"
  dependencies:
    "@babel/compat-data": "npm:^7.23.5"
    "@babel/helper-validator-option": "npm:^7.23.5"
    browserslist: "npm:^4.22.2"
    lru-cache: "npm:^5.1.1"
    semver: "npm:^6.3.1"
  checksum: ba38506d11185f48b79abf439462ece271d3eead1673dd8814519c8c903c708523428806f05f2ec5efd0c56e4e278698fac967e5a4b5ee842c32415da54bc6fa
  languageName: node
  linkType: hard

"@babel/helper-create-class-features-plugin@npm:^7.23.6":
  version: 7.23.6
  resolution: "@babel/helper-create-class-features-plugin@npm:7.23.6"
  dependencies:
    "@babel/helper-annotate-as-pure": "npm:^7.22.5"
    "@babel/helper-environment-visitor": "npm:^7.22.20"
    "@babel/helper-function-name": "npm:^7.23.0"
    "@babel/helper-member-expression-to-functions": "npm:^7.23.0"
    "@babel/helper-optimise-call-expression": "npm:^7.22.5"
    "@babel/helper-replace-supers": "npm:^7.22.20"
    "@babel/helper-skip-transparent-expression-wrappers": "npm:^7.22.5"
    "@babel/helper-split-export-declaration": "npm:^7.22.6"
    semver: "npm:^6.3.1"
  peerDependencies:
    "@babel/core": ^7.0.0
  checksum: 4b923a63b757bf030839263b9609d4fc1f9858a701c173a6a15d0fc135a71847c842faddfd8af8eb324d2379725ba0d9a3d004d48ea7aac2c973cea36627707e
  languageName: node
  linkType: hard

"@babel/helper-environment-visitor@npm:^7.22.20":
  version: 7.22.20
  resolution: "@babel/helper-environment-visitor@npm:7.22.20"
  checksum: e762c2d8f5d423af89bd7ae9abe35bd4836d2eb401af868a63bbb63220c513c783e25ef001019418560b3fdc6d9a6fb67e6c0b650bcdeb3a2ac44b5c3d2bdd94
  languageName: node
  linkType: hard

"@babel/helper-function-name@npm:^7.23.0":
  version: 7.23.0
  resolution: "@babel/helper-function-name@npm:7.23.0"
  dependencies:
    "@babel/template": "npm:^7.22.15"
    "@babel/types": "npm:^7.23.0"
  checksum: d771dd1f3222b120518176733c52b7cadac1c256ff49b1889dbbe5e3fed81db855b8cc4e40d949c9d3eae0e795e8229c1c8c24c0e83f27cfa6ee3766696c6428
  languageName: node
  linkType: hard

"@babel/helper-hoist-variables@npm:^7.22.5":
  version: 7.22.5
  resolution: "@babel/helper-hoist-variables@npm:7.22.5"
  dependencies:
    "@babel/types": "npm:^7.22.5"
  checksum: 60a3077f756a1cd9f14eb89f0037f487d81ede2b7cfe652ea6869cd4ec4c782b0fb1de01b8494b9a2d2050e3d154d7d5ad3be24806790acfb8cbe2073bf1e208
  languageName: node
  linkType: hard

"@babel/helper-member-expression-to-functions@npm:^7.22.15, @babel/helper-member-expression-to-functions@npm:^7.23.0":
  version: 7.23.0
  resolution: "@babel/helper-member-expression-to-functions@npm:7.23.0"
  dependencies:
    "@babel/types": "npm:^7.23.0"
  checksum: b810daddf093ffd0802f1429052349ed9ea08ef7d0c56da34ffbcdecbdafac86f95bdea2fe30e0e0e629febc7dd41b56cb5eacc10d1a44336d37b755dac31fa4
  languageName: node
  linkType: hard

"@babel/helper-module-imports@npm:^7.22.15":
  version: 7.22.15
  resolution: "@babel/helper-module-imports@npm:7.22.15"
  dependencies:
    "@babel/types": "npm:^7.22.15"
  checksum: 4e0d7fc36d02c1b8c8b3006dfbfeedf7a367d3334a04934255de5128115ea0bafdeb3e5736a2559917f0653e4e437400d54542da0468e08d3cbc86d3bbfa8f30
  languageName: node
  linkType: hard

"@babel/helper-module-transforms@npm:^7.23.3":
  version: 7.23.3
  resolution: "@babel/helper-module-transforms@npm:7.23.3"
  dependencies:
    "@babel/helper-environment-visitor": "npm:^7.22.20"
    "@babel/helper-module-imports": "npm:^7.22.15"
    "@babel/helper-simple-access": "npm:^7.22.5"
    "@babel/helper-split-export-declaration": "npm:^7.22.6"
    "@babel/helper-validator-identifier": "npm:^7.22.20"
  peerDependencies:
    "@babel/core": ^7.0.0
  checksum: 211e1399d0c4993671e8e5c2b25383f08bee40004ace5404ed4065f0e9258cc85d99c1b82fd456c030ce5cfd4d8f310355b54ef35de9924eabfc3dff1331d946
  languageName: node
  linkType: hard

"@babel/helper-optimise-call-expression@npm:^7.22.5":
  version: 7.22.5
  resolution: "@babel/helper-optimise-call-expression@npm:7.22.5"
  dependencies:
    "@babel/types": "npm:^7.22.5"
  checksum: 31b41a764fc3c585196cf5b776b70cf4705c132e4ce9723f39871f215f2ddbfb2e28a62f9917610f67c8216c1080482b9b05f65dd195dae2a52cef461f2ac7b8
  languageName: node
  linkType: hard

"@babel/helper-plugin-utils@npm:^7.22.5":
  version: 7.22.5
  resolution: "@babel/helper-plugin-utils@npm:7.22.5"
  checksum: d2c4bfe2fa91058bcdee4f4e57a3f4933aed7af843acfd169cd6179fab8d13c1d636474ecabb2af107dc77462c7e893199aa26632bac1c6d7e025a17cbb9d20d
  languageName: node
  linkType: hard

"@babel/helper-replace-supers@npm:^7.22.20":
  version: 7.22.20
  resolution: "@babel/helper-replace-supers@npm:7.22.20"
  dependencies:
    "@babel/helper-environment-visitor": "npm:^7.22.20"
    "@babel/helper-member-expression-to-functions": "npm:^7.22.15"
    "@babel/helper-optimise-call-expression": "npm:^7.22.5"
  peerDependencies:
    "@babel/core": ^7.0.0
  checksum: 6b0858811ad46873817c90c805015d63300e003c5a85c147a17d9845fa2558a02047c3cc1f07767af59014b2dd0fa75b503e5bc36e917f360e9b67bb6f1e79f4
  languageName: node
  linkType: hard

"@babel/helper-simple-access@npm:^7.22.5":
  version: 7.22.5
  resolution: "@babel/helper-simple-access@npm:7.22.5"
  dependencies:
    "@babel/types": "npm:^7.22.5"
  checksum: f0cf81a30ba3d09a625fd50e5a9069e575c5b6719234e04ee74247057f8104beca89ed03e9217b6e9b0493434cedc18c5ecca4cea6244990836f1f893e140369
  languageName: node
  linkType: hard

"@babel/helper-skip-transparent-expression-wrappers@npm:^7.22.5":
  version: 7.22.5
  resolution: "@babel/helper-skip-transparent-expression-wrappers@npm:7.22.5"
  dependencies:
    "@babel/types": "npm:^7.22.5"
  checksum: ab7fa2aa709ab49bb8cd86515a1e715a3108c4bb9a616965ba76b43dc346dee66d1004ccf4d222b596b6224e43e04cbc5c3a34459501b388451f8c589fbc3691
  languageName: node
  linkType: hard

"@babel/helper-split-export-declaration@npm:^7.22.6":
  version: 7.22.6
  resolution: "@babel/helper-split-export-declaration@npm:7.22.6"
  dependencies:
    "@babel/types": "npm:^7.22.5"
  checksum: d83e4b623eaa9622c267d3c83583b72f3aac567dc393dda18e559d79187961cb29ae9c57b2664137fc3d19508370b12ec6a81d28af73a50e0846819cb21c6e44
  languageName: node
  linkType: hard

"@babel/helper-string-parser@npm:^7.23.4":
  version: 7.23.4
  resolution: "@babel/helper-string-parser@npm:7.23.4"
  checksum: f348d5637ad70b6b54b026d6544bd9040f78d24e7ec245a0fc42293968181f6ae9879c22d89744730d246ce8ec53588f716f102addd4df8bbc79b73ea10004ac
  languageName: node
  linkType: hard

"@babel/helper-validator-identifier@npm:^7.22.20":
  version: 7.22.20
  resolution: "@babel/helper-validator-identifier@npm:7.22.20"
  checksum: dcad63db345fb110e032de46c3688384b0008a42a4845180ce7cd62b1a9c0507a1bed727c4d1060ed1a03ae57b4d918570259f81724aaac1a5b776056f37504e
  languageName: node
  linkType: hard

"@babel/helper-validator-option@npm:^7.22.15, @babel/helper-validator-option@npm:^7.23.5":
  version: 7.23.5
  resolution: "@babel/helper-validator-option@npm:7.23.5"
  checksum: af45d5c0defb292ba6fd38979e8f13d7da63f9623d8ab9ededc394f67eb45857d2601278d151ae9affb6e03d5d608485806cd45af08b4468a0515cf506510e94
  languageName: node
  linkType: hard

"@babel/helpers@npm:^7.23.6":
  version: 7.23.6
  resolution: "@babel/helpers@npm:7.23.6"
  dependencies:
    "@babel/template": "npm:^7.22.15"
    "@babel/traverse": "npm:^7.23.6"
    "@babel/types": "npm:^7.23.6"
  checksum: df1cf6607676ad36f52f652ec03536f2732d70aef5e76dba5c964e34d49f3c2d3dcf9fb3740db359f53071d74b64606a833d5ba156f79f437f71bfe06e2e7e19
  languageName: node
  linkType: hard

"@babel/highlight@npm:^7.23.4":
  version: 7.23.4
  resolution: "@babel/highlight@npm:7.23.4"
  dependencies:
    "@babel/helper-validator-identifier": "npm:^7.22.20"
    chalk: "npm:^2.4.2"
    js-tokens: "npm:^4.0.0"
  checksum: fbff9fcb2f5539289c3c097d130e852afd10d89a3a08ac0b5ebebbc055cc84a4bcc3dcfed463d488cde12dd0902ef1858279e31d7349b2e8cee43913744bda33
  languageName: node
  linkType: hard

"@babel/parser@npm:^7.22.15, @babel/parser@npm:^7.23.6":
  version: 7.23.6
  resolution: "@babel/parser@npm:7.23.6"
  bin:
    parser: ./bin/babel-parser.js
  checksum: 6f76cd5ccae1fa9bcab3525b0865c6222e9c1d22f87abc69f28c5c7b2c8816a13361f5bd06bddbd5faf903f7320a8feba02545c981468acec45d12a03db7755e
  languageName: node
  linkType: hard

"@babel/plugin-syntax-jsx@npm:^7.23.3":
  version: 7.23.3
  resolution: "@babel/plugin-syntax-jsx@npm:7.23.3"
  dependencies:
    "@babel/helper-plugin-utils": "npm:^7.22.5"
  peerDependencies:
    "@babel/core": ^7.0.0-0
  checksum: 563bb7599b868773f1c7c1d441ecc9bc53aeb7832775da36752c926fc402a1fa5421505b39e724f71eb217c13e4b93117e081cac39723b0e11dac4c897f33c3e
  languageName: node
  linkType: hard

"@babel/plugin-syntax-typescript@npm:^7.23.3":
  version: 7.23.3
  resolution: "@babel/plugin-syntax-typescript@npm:7.23.3"
  dependencies:
    "@babel/helper-plugin-utils": "npm:^7.22.5"
  peerDependencies:
    "@babel/core": ^7.0.0-0
  checksum: 4d6e9cdb9d0bfb9bd9b220fc951d937fce2ca69135ec121153572cebe81d86abc9a489208d6b69ee5f10cadcaeffa10d0425340a5029e40e14a6025021b90948
  languageName: node
  linkType: hard

"@babel/plugin-transform-modules-commonjs@npm:^7.23.3":
  version: 7.23.3
  resolution: "@babel/plugin-transform-modules-commonjs@npm:7.23.3"
  dependencies:
    "@babel/helper-module-transforms": "npm:^7.23.3"
    "@babel/helper-plugin-utils": "npm:^7.22.5"
    "@babel/helper-simple-access": "npm:^7.22.5"
  peerDependencies:
    "@babel/core": ^7.0.0-0
  checksum: 5c8840c5c9ecba39367ae17c973ed13dbc43234147b77ae780eec65010e2a9993c5d717721b23e8179f7cf49decdd325c509b241d69cfbf92aa647a1d8d5a37d
  languageName: node
  linkType: hard

"@babel/plugin-transform-typescript@npm:^7.23.3":
  version: 7.23.6
  resolution: "@babel/plugin-transform-typescript@npm:7.23.6"
  dependencies:
    "@babel/helper-annotate-as-pure": "npm:^7.22.5"
    "@babel/helper-create-class-features-plugin": "npm:^7.23.6"
    "@babel/helper-plugin-utils": "npm:^7.22.5"
    "@babel/plugin-syntax-typescript": "npm:^7.23.3"
  peerDependencies:
    "@babel/core": ^7.0.0-0
  checksum: e08f7a981fe157e32031070b92cd77030018b002d063e4be3711ffb7ec04539478b240d8967a4748abb56eccc0ba376f094f30711ef6a028b2a89d15d6ddc01f
  languageName: node
  linkType: hard

"@babel/preset-typescript@npm:^7.23.2":
  version: 7.23.3
  resolution: "@babel/preset-typescript@npm:7.23.3"
  dependencies:
    "@babel/helper-plugin-utils": "npm:^7.22.5"
    "@babel/helper-validator-option": "npm:^7.22.15"
    "@babel/plugin-syntax-jsx": "npm:^7.23.3"
    "@babel/plugin-transform-modules-commonjs": "npm:^7.23.3"
    "@babel/plugin-transform-typescript": "npm:^7.23.3"
  peerDependencies:
    "@babel/core": ^7.0.0-0
  checksum: e72b654c7f0f08b35d7e1c0e3a59c0c13037f295c425760b8b148aa7dde01e6ddd982efc525710f997a1494fafdd55cb525738c016609e7e4d703d02014152b7
  languageName: node
  linkType: hard

"@babel/template@npm:^7.22.15":
  version: 7.22.15
  resolution: "@babel/template@npm:7.22.15"
  dependencies:
    "@babel/code-frame": "npm:^7.22.13"
    "@babel/parser": "npm:^7.22.15"
    "@babel/types": "npm:^7.22.15"
  checksum: 9312edd37cf1311d738907003f2aa321a88a42ba223c69209abe4d7111db019d321805504f606c7fd75f21c6cf9d24d0a8223104cd21ebd207e241b6c551f454
  languageName: node
  linkType: hard

"@babel/traverse@npm:^7.23.6":
  version: 7.23.6
  resolution: "@babel/traverse@npm:7.23.6"
  dependencies:
    "@babel/code-frame": "npm:^7.23.5"
    "@babel/generator": "npm:^7.23.6"
    "@babel/helper-environment-visitor": "npm:^7.22.20"
    "@babel/helper-function-name": "npm:^7.23.0"
    "@babel/helper-hoist-variables": "npm:^7.22.5"
    "@babel/helper-split-export-declaration": "npm:^7.22.6"
    "@babel/parser": "npm:^7.23.6"
    "@babel/types": "npm:^7.23.6"
    debug: "npm:^4.3.1"
    globals: "npm:^11.1.0"
  checksum: 5b4ebb94a00a7e1daf111e4b0b45a7998d5b7598637a14e75e855e88cc1b702789e09a958726b5d599a003be1e9032dbdfde4b88ea6061332228738950d5582d
  languageName: node
  linkType: hard

"@babel/types@npm:^7.22.15, @babel/types@npm:^7.22.5, @babel/types@npm:^7.23.0, @babel/types@npm:^7.23.6, @babel/types@npm:^7.8.3":
  version: 7.23.6
  resolution: "@babel/types@npm:7.23.6"
  dependencies:
    "@babel/helper-string-parser": "npm:^7.23.4"
    "@babel/helper-validator-identifier": "npm:^7.22.20"
    to-fast-properties: "npm:^2.0.0"
  checksum: 42cefce8a68bd09bb5828b4764aa5586c53c60128ac2ac012e23858e1c179347a4aac9c66fc577994fbf57595227611c5ec8270bf0cfc94ff033bbfac0550b70
  languageName: node
  linkType: hard

"@isaacs/cliui@npm:^8.0.2":
  version: 8.0.2
  resolution: "@isaacs/cliui@npm:8.0.2"
  dependencies:
    string-width: "npm:^5.1.2"
    string-width-cjs: "npm:string-width@^4.2.0"
    strip-ansi: "npm:^7.0.1"
    strip-ansi-cjs: "npm:strip-ansi@^6.0.1"
    wrap-ansi: "npm:^8.1.0"
    wrap-ansi-cjs: "npm:wrap-ansi@^7.0.0"
  checksum: b1bf42535d49f11dc137f18d5e4e63a28c5569de438a221c369483731e9dac9fb797af554e8bf02b6192d1e5eba6e6402cf93900c3d0ac86391d00d04876789e
  languageName: node
  linkType: hard

"@jridgewell/gen-mapping@npm:^0.3.0, @jridgewell/gen-mapping@npm:^0.3.2":
  version: 0.3.3
  resolution: "@jridgewell/gen-mapping@npm:0.3.3"
  dependencies:
    "@jridgewell/set-array": "npm:^1.0.1"
    "@jridgewell/sourcemap-codec": "npm:^1.4.10"
    "@jridgewell/trace-mapping": "npm:^0.3.9"
  checksum: 376fc11cf5a967318ba3ddd9d8e91be528eab6af66810a713c49b0c3f8dc67e9949452c51c38ab1b19aa618fb5e8594da5a249977e26b1e7fea1ee5a1fcacc74
  languageName: node
  linkType: hard

"@jridgewell/resolve-uri@npm:^3.1.0":
  version: 3.1.1
  resolution: "@jridgewell/resolve-uri@npm:3.1.1"
  checksum: 0dbc9e29bc640bbbdc5b9876d2859c69042bfcf1423c1e6421bcca53e826660bff4e41c7d4bcb8dbea696404231a6f902f76ba41835d049e20f2dd6cffb713bf
  languageName: node
  linkType: hard

"@jridgewell/set-array@npm:^1.0.1":
  version: 1.1.2
  resolution: "@jridgewell/set-array@npm:1.1.2"
  checksum: bc7ab4c4c00470de4e7562ecac3c0c84f53e7ee8a711e546d67c47da7febe7c45cd67d4d84ee3c9b2c05ae8e872656cdded8a707a283d30bd54fbc65aef821ab
  languageName: node
  linkType: hard

"@jridgewell/sourcemap-codec@npm:^1.4.10, @jridgewell/sourcemap-codec@npm:^1.4.14":
  version: 1.4.15
  resolution: "@jridgewell/sourcemap-codec@npm:1.4.15"
  checksum: 0c6b5ae663087558039052a626d2d7ed5208da36cfd707dcc5cea4a07cfc918248403dcb5989a8f7afaf245ce0573b7cc6fd94c4a30453bd10e44d9363940ba5
  languageName: node
  linkType: hard

"@jridgewell/trace-mapping@npm:^0.3.17, @jridgewell/trace-mapping@npm:^0.3.9":
  version: 0.3.20
  resolution: "@jridgewell/trace-mapping@npm:0.3.20"
  dependencies:
    "@jridgewell/resolve-uri": "npm:^3.1.0"
    "@jridgewell/sourcemap-codec": "npm:^1.4.14"
  checksum: 0ea0b2675cf513ec44dc25605616a3c9b808b9832e74b5b63c44260d66b58558bba65764f81928fc1033ead911f8718dca1134049c3e7a93937faf436671df31
  languageName: node
  linkType: hard

"@pkgjs/parseargs@npm:^0.11.0":
  version: 0.11.0
  resolution: "@pkgjs/parseargs@npm:0.11.0"
  checksum: 5bd7576bb1b38a47a7fc7b51ac9f38748e772beebc56200450c4a817d712232b8f1d3ef70532c80840243c657d491cf6a6be1e3a214cff907645819fdc34aadd
  languageName: node
  linkType: hard

"ansi-regex@npm:^5.0.1":
  version: 5.0.1
  resolution: "ansi-regex@npm:5.0.1"
  checksum: 9a64bb8627b434ba9327b60c027742e5d17ac69277960d041898596271d992d4d52ba7267a63ca10232e29f6107fc8a835f6ce8d719b88c5f8493f8254813737
  languageName: node
  linkType: hard

"ansi-regex@npm:^6.0.1":
  version: 6.0.1
  resolution: "ansi-regex@npm:6.0.1"
  checksum: cbe16dbd2c6b2735d1df7976a7070dd277326434f0212f43abf6d87674095d247968209babdaad31bb00882fa68807256ba9be340eec2f1004de14ca75f52a08
  languageName: node
  linkType: hard

"ansi-styles@npm:^3.2.1":
  version: 3.2.1
  resolution: "ansi-styles@npm:3.2.1"
  dependencies:
    color-convert: "npm:^1.9.0"
  checksum: ece5a8ef069fcc5298f67e3f4771a663129abd174ea2dfa87923a2be2abf6cd367ef72ac87942da00ce85bd1d651d4cd8595aebdb1b385889b89b205860e977b
  languageName: node
  linkType: hard

"ansi-styles@npm:^4.0.0, ansi-styles@npm:^4.1.0":
  version: 4.3.0
  resolution: "ansi-styles@npm:4.3.0"
  dependencies:
    color-convert: "npm:^2.0.1"
  checksum: 895a23929da416f2bd3de7e9cb4eabd340949328ab85ddd6e484a637d8f6820d485f53933446f5291c3b760cbc488beb8e88573dd0f9c7daf83dccc8fe81b041
  languageName: node
  linkType: hard

"ansi-styles@npm:^6.1.0":
  version: 6.2.1
  resolution: "ansi-styles@npm:6.2.1"
  checksum: 5d1ec38c123984bcedd996eac680d548f31828bd679a66db2bdf11844634dde55fec3efa9c6bb1d89056a5e79c1ac540c4c784d592ea1d25028a92227d2f2d5c
  languageName: node
  linkType: hard

"argparse@npm:^2.0.1":
  version: 2.0.1
  resolution: "argparse@npm:2.0.1"
  checksum: c5640c2d89045371c7cedd6a70212a04e360fd34d6edeae32f6952c63949e3525ea77dbec0289d8213a99bbaeab5abfa860b5c12cf88a2e6cf8106e90dd27a7e
  languageName: node
  linkType: hard

"balanced-match@npm:^1.0.0":
  version: 1.0.2
  resolution: "balanced-match@npm:1.0.2"
  checksum: 9308baf0a7e4838a82bbfd11e01b1cb0f0cf2893bc1676c27c2a8c0e70cbae1c59120c3268517a8ae7fb6376b4639ef81ca22582611dbee4ed28df945134aaee
  languageName: node
  linkType: hard

"brace-expansion@npm:^2.0.1":
  version: 2.0.1
  resolution: "brace-expansion@npm:2.0.1"
  dependencies:
    balanced-match: "npm:^1.0.0"
  checksum: b358f2fe060e2d7a87aa015979ecea07f3c37d4018f8d6deb5bd4c229ad3a0384fe6029bb76cd8be63c81e516ee52d1a0673edbe2023d53a5191732ae3c3e49f
  languageName: node
  linkType: hard

"browserslist@npm:^4.22.2":
  version: 4.22.2
  resolution: "browserslist@npm:4.22.2"
  dependencies:
    caniuse-lite: "npm:^1.0.30001565"
    electron-to-chromium: "npm:^1.4.601"
    node-releases: "npm:^2.0.14"
    update-browserslist-db: "npm:^1.0.13"
  bin:
    browserslist: cli.js
  checksum: 2a331aab90503130043ca41dd5d281fa1e89d5e076d07a2d75e76bf4d693bd56e73d5abcd8c4f39119da6328d450578c216cf1cd5c99b82d8a90a2ae6271b465
  languageName: node
  linkType: hard

"caniuse-lite@npm:^1.0.30001565":
  version: 1.0.30001570
  resolution: "caniuse-lite@npm:1.0.30001570"
  checksum: e47230d2016edea56e002fa462a5289f697b48dcfbf703fb01aecc6c98ad4ecaf945ab23c253cb7af056c2d05f266e4e4cbebf45132100e2c9367439cb95b95b
  languageName: node
  linkType: hard

"chalk@npm:^2.4.2":
  version: 2.4.2
  resolution: "chalk@npm:2.4.2"
  dependencies:
    ansi-styles: "npm:^3.2.1"
    escape-string-regexp: "npm:^1.0.5"
    supports-color: "npm:^5.3.0"
  checksum: e6543f02ec877732e3a2d1c3c3323ddb4d39fbab687c23f526e25bd4c6a9bf3b83a696e8c769d078e04e5754921648f7821b2a2acfd16c550435fd630026e073
  languageName: node
  linkType: hard

"chalk@npm:^4.1.2":
  version: 4.1.2
  resolution: "chalk@npm:4.1.2"
  dependencies:
    ansi-styles: "npm:^4.1.0"
    supports-color: "npm:^7.1.0"
  checksum: 4a3fef5cc34975c898ffe77141450f679721df9dde00f6c304353fa9c8b571929123b26a0e4617bde5018977eb655b31970c297b91b63ee83bb82aeb04666880
  languageName: node
  linkType: hard

"cliui@npm:^8.0.1":
  version: 8.0.1
  resolution: "cliui@npm:8.0.1"
  dependencies:
    string-width: "npm:^4.2.0"
    strip-ansi: "npm:^6.0.1"
    wrap-ansi: "npm:^7.0.0"
  checksum: 4bda0f09c340cbb6dfdc1ed508b3ca080f12992c18d68c6be4d9cf51756033d5266e61ec57529e610dacbf4da1c634423b0c1b11037709cc6b09045cbd815df5
  languageName: node
  linkType: hard

"color-convert@npm:^1.9.0":
  version: 1.9.3
  resolution: "color-convert@npm:1.9.3"
  dependencies:
    color-name: "npm:1.1.3"
  checksum: 5ad3c534949a8c68fca8fbc6f09068f435f0ad290ab8b2f76841b9e6af7e0bb57b98cb05b0e19fe33f5d91e5a8611ad457e5f69e0a484caad1f7487fd0e8253c
  languageName: node
  linkType: hard

"color-convert@npm:^2.0.1":
  version: 2.0.1
  resolution: "color-convert@npm:2.0.1"
  dependencies:
    color-name: "npm:~1.1.4"
  checksum: 37e1150172f2e311fe1b2df62c6293a342ee7380da7b9cfdba67ea539909afbd74da27033208d01d6d5cfc65ee7868a22e18d7e7648e004425441c0f8a15a7d7
  languageName: node
  linkType: hard

"color-name@npm:1.1.3":
  version: 1.1.3
  resolution: "color-name@npm:1.1.3"
  checksum: 566a3d42cca25b9b3cd5528cd7754b8e89c0eb646b7f214e8e2eaddb69994ac5f0557d9c175eb5d8f0ad73531140d9c47525085ee752a91a2ab15ab459caf6d6
  languageName: node
  linkType: hard

"color-name@npm:~1.1.4":
  version: 1.1.4
  resolution: "color-name@npm:1.1.4"
  checksum: a1a3f914156960902f46f7f56bc62effc6c94e84b2cae157a526b1c1f74b677a47ec602bf68a61abfa2b42d15b7c5651c6dbe72a43af720bc588dff885b10f95
  languageName: node
  linkType: hard

"commander@npm:~11.0.0":
  version: 11.0.0
  resolution: "commander@npm:11.0.0"
  checksum: 471c44cd2d31dee556753df6ceb5ef52ccded0ba6308d3ba7a76251aa0edeedf5ac66ca86cb6096cc8fe20997064233c476983d346265f85180e86312724de0c
  languageName: node
  linkType: hard

"convert-source-map@npm:^2.0.0":
  version: 2.0.0
  resolution: "convert-source-map@npm:2.0.0"
  checksum: 8f2f7a27a1a011cc6cc88cc4da2d7d0cfa5ee0369508baae3d98c260bb3ac520691464e5bbe4ae7cdf09860c1d69ecc6f70c63c6e7c7f7e3f18ec08484dc7d9b
  languageName: node
  linkType: hard

"core-js@npm:^3.33.0":
  version: 3.34.0
  resolution: "core-js@npm:3.34.0"
  checksum: 408a77898abe03bf3e5dec2a451c36f4745081cca9022f8bdf9b817d57bb6d3a534d555f47a4b95e1daa5e21dbc79122eac2402e25720d425f5925127e55dcd8
  languageName: node
  linkType: hard

"cross-spawn@npm:^7.0.0":
  version: 7.0.3
  resolution: "cross-spawn@npm:7.0.3"
  dependencies:
    path-key: "npm:^3.1.0"
    shebang-command: "npm:^2.0.0"
    which: "npm:^2.0.1"
  checksum: 5738c312387081c98d69c98e105b6327b069197f864a60593245d64c8089c8a0a744e16349281210d56835bb9274130d825a78b2ad6853ca13cfbeffc0c31750
  languageName: node
  linkType: hard

"debug@npm:^4.1.0, debug@npm:^4.3.1":
  version: 4.3.4
  resolution: "debug@npm:4.3.4"
  dependencies:
    ms: "npm:2.1.2"
  peerDependenciesMeta:
    supports-color:
      optional: true
  checksum: cedbec45298dd5c501d01b92b119cd3faebe5438c3917ff11ae1bff86a6c722930ac9c8659792824013168ba6db7c4668225d845c633fbdafbbf902a6389f736
  languageName: node
  linkType: hard

"deep-extend@npm:^0.6.0":
  version: 0.6.0
  resolution: "deep-extend@npm:0.6.0"
  checksum: 1c6b0abcdb901e13a44c7d699116d3d4279fdb261983122a3783e7273844d5f2537dc2e1c454a23fcf645917f93fbf8d07101c1d03c015a87faa662755212566
  languageName: node
  linkType: hard

"eastasianwidth@npm:^0.2.0":
  version: 0.2.0
  resolution: "eastasianwidth@npm:0.2.0"
  checksum: 26f364ebcdb6395f95124fda411f63137a4bfb5d3a06453f7f23dfe52502905bd84e0488172e0f9ec295fdc45f05c23d5d91baf16bd26f0fe9acd777a188dc39
  languageName: node
  linkType: hard

"electron-to-chromium@npm:^1.4.601":
  version: 1.4.612
  resolution: "electron-to-chromium@npm:1.4.612"
  checksum: 4afeae778beb67e81a47e362b72847efc24161b7673818b3d5a36fa0678f006629436a5cfa6b0bb0291927c61d01e58b66330942cc7f4109f170bdec6bfafd73
  languageName: node
  linkType: hard

"emoji-regex@npm:^8.0.0":
  version: 8.0.0
  resolution: "emoji-regex@npm:8.0.0"
  checksum: b6053ad39951c4cf338f9092d7bfba448cdfd46fe6a2a034700b149ac9ffbc137e361cbd3c442297f86bed2e5f7576c1b54cc0a6bf8ef5106cc62f496af35010
  languageName: node
  linkType: hard

"emoji-regex@npm:^9.2.2":
  version: 9.2.2
  resolution: "emoji-regex@npm:9.2.2"
  checksum: af014e759a72064cf66e6e694a7fc6b0ed3d8db680427b021a89727689671cefe9d04151b2cad51dbaf85d5ba790d061cd167f1cf32eb7b281f6368b3c181639
  languageName: node
  linkType: hard

"entities@npm:~3.0.1":
  version: 3.0.1
  resolution: "entities@npm:3.0.1"
  checksum: 2d93f48fd86de0b0ed8ee34456aa47b4e74a916a5e663cfcc7048302e2c7e932002926daf5a00ad6d5691e3c90673a15d413704d86d7e1b9532f9bc00d975590
  languageName: node
  linkType: hard

"escalade@npm:^3.1.1":
  version: 3.1.1
  resolution: "escalade@npm:3.1.1"
  checksum: afd02e6ca91ffa813e1108b5e7756566173d6bc0d1eb951cb44d6b21702ec17c1cf116cfe75d4a2b02e05acb0b808a7a9387d0d1ca5cf9c04ad03a8445c3e46d
  languageName: node
  linkType: hard

"escape-string-regexp@npm:^1.0.5":
  version: 1.0.5
  resolution: "escape-string-regexp@npm:1.0.5"
  checksum: a968ad453dd0c2724e14a4f20e177aaf32bb384ab41b674a8454afe9a41c5e6fe8903323e0a1052f56289d04bd600f81278edf140b0fcc02f5cac98d0f5b5371
  languageName: node
  linkType: hard

"foreground-child@npm:^3.1.0":
  version: 3.1.1
  resolution: "foreground-child@npm:3.1.1"
  dependencies:
    cross-spawn: "npm:^7.0.0"
    signal-exit: "npm:^4.0.1"
  checksum: 9700a0285628abaeb37007c9a4d92bd49f67210f09067638774338e146c8e9c825c5c877f072b2f75f41dc6a2d0be8664f79ffc03f6576649f54a84fb9b47de0
  languageName: node
  linkType: hard

"fs.realpath@npm:^1.0.0":
  version: 1.0.0
  resolution: "fs.realpath@npm:1.0.0"
  checksum: 444cf1291d997165dfd4c0d58b69f0e4782bfd9149fd72faa4fe299e68e0e93d6db941660b37dd29153bf7186672ececa3b50b7e7249477b03fdf850f287c948
  languageName: node
  linkType: hard

"gensync@npm:^1.0.0-beta.2":
  version: 1.0.0-beta.2
  resolution: "gensync@npm:1.0.0-beta.2"
  checksum: 782aba6cba65b1bb5af3b095d96249d20edbe8df32dbf4696fd49be2583faf676173bf4809386588828e4dd76a3354fcbeb577bab1c833ccd9fc4577f26103f8
  languageName: node
  linkType: hard

"get-caller-file@npm:^2.0.5":
  version: 2.0.5
  resolution: "get-caller-file@npm:2.0.5"
  checksum: c6c7b60271931fa752aeb92f2b47e355eac1af3a2673f47c9589e8f8a41adc74d45551c1bc57b5e66a80609f10ffb72b6f575e4370d61cc3f7f3aaff01757cde
  languageName: node
  linkType: hard

"get-stdin@npm:~9.0.0":
  version: 9.0.0
  resolution: "get-stdin@npm:9.0.0"
  checksum: 7ef2edc0c81a0644ca9f051aad8a96ae9373d901485abafaabe59fd347a1c378689d8a3d8825fb3067415d1d09dfcaa43cb9b9516ecac6b74b3138b65a8ccc6b
  languageName: node
  linkType: hard

"glob@npm:^8.1.0":
  version: 8.1.0
  resolution: "glob@npm:8.1.0"
  dependencies:
    fs.realpath: "npm:^1.0.0"
    inflight: "npm:^1.0.4"
    inherits: "npm:2"
    minimatch: "npm:^5.0.1"
    once: "npm:^1.3.0"
  checksum: cb0b5cab17a59c57299376abe5646c7070f8acb89df5595b492dba3bfb43d301a46c01e5695f01154e6553168207cb60d4eaf07d3be4bc3eb9b0457c5c561d0f
  languageName: node
  linkType: hard

"glob@npm:~10.3.4":
  version: 10.3.10
  resolution: "glob@npm:10.3.10"
  dependencies:
    foreground-child: "npm:^3.1.0"
    jackspeak: "npm:^2.3.5"
    minimatch: "npm:^9.0.1"
    minipass: "npm:^5.0.0 || ^6.0.2 || ^7.0.0"
    path-scurry: "npm:^1.10.1"
  bin:
    glob: dist/esm/bin.mjs
  checksum: 13d8a1feb7eac7945f8c8480e11cd4a44b24d26503d99a8d8ac8d5aefbf3e9802a2b6087318a829fad04cb4e829f25c5f4f1110c68966c498720dd261c7e344d
  languageName: node
  linkType: hard

"globals@npm:^11.1.0":
  version: 11.12.0
  resolution: "globals@npm:11.12.0"
  checksum: 758f9f258e7b19226bd8d4af5d3b0dcf7038780fb23d82e6f98932c44e239f884847f1766e8fa9cc5635ccb3204f7fa7314d4408dd4002a5e8ea827b4018f0a1
  languageName: node
  linkType: hard

"has-flag@npm:^3.0.0":
  version: 3.0.0
  resolution: "has-flag@npm:3.0.0"
  checksum: 1c6c83b14b8b1b3c25b0727b8ba3e3b647f99e9e6e13eb7322107261de07a4c1be56fc0d45678fc376e09772a3a1642ccdaf8fc69bdf123b6c086598397ce473
  languageName: node
  linkType: hard

"has-flag@npm:^4.0.0":
  version: 4.0.0
  resolution: "has-flag@npm:4.0.0"
  checksum: 2e789c61b7888d66993e14e8331449e525ef42aac53c627cc53d1c3334e768bcb6abdc4f5f0de1478a25beec6f0bd62c7549058b7ac53e924040d4f301f02fd1
  languageName: node
  linkType: hard

"ignore@npm:~5.2.4":
  version: 5.2.4
  resolution: "ignore@npm:5.2.4"
  checksum: 7c7cd90edd9fea6e037f9b9da4b01bf0a86b198ce78345f9bbd983929d68ff14830be31111edc5d70c264921f4962404d75b7262b4d9cc3bc12381eccbd03096
  languageName: node
  linkType: hard

"inflight@npm:^1.0.4":
  version: 1.0.6
  resolution: "inflight@npm:1.0.6"
  dependencies:
    once: "npm:^1.3.0"
    wrappy: "npm:1"
  checksum: 7faca22584600a9dc5b9fca2cd5feb7135ac8c935449837b315676b4c90aa4f391ec4f42240178244b5a34e8bede1948627fda392ca3191522fc46b34e985ab2
  languageName: node
  linkType: hard

"inherits@npm:2":
  version: 2.0.4
  resolution: "inherits@npm:2.0.4"
  checksum: 4e531f648b29039fb7426fb94075e6545faa1eb9fe83c29f0b6d9e7263aceb4289d2d4557db0d428188eeb449cc7c5e77b0a0b2c4e248ff2a65933a0dee49ef2
  languageName: node
  linkType: hard

"ini@npm:~4.1.0":
  version: 4.1.1
  resolution: "ini@npm:4.1.1"
  checksum: 7fddc8dfd3e63567d4fdd5d999d1bf8a8487f1479d0b34a1d01f28d391a9228d261e19abc38e1a6a1ceb3400c727204fce05725d5eb598dfcf2077a1e3afe211
  languageName: node
  linkType: hard

"is-fullwidth-code-point@npm:^3.0.0":
  version: 3.0.0
  resolution: "is-fullwidth-code-point@npm:3.0.0"
  checksum: bb11d825e049f38e04c06373a8d72782eee0205bda9d908cc550ccb3c59b99d750ff9537982e01733c1c94a58e35400661f57042158ff5e8f3e90cf936daf0fc
  languageName: node
  linkType: hard

"isexe@npm:^2.0.0":
  version: 2.0.0
  resolution: "isexe@npm:2.0.0"
  checksum: 228cfa503fadc2c31596ab06ed6aa82c9976eec2bfd83397e7eaf06d0ccf42cd1dfd6743bf9aeb01aebd4156d009994c5f76ea898d2832c1fe342da923ca457d
  languageName: node
  linkType: hard

"jackspeak@npm:^2.3.5":
  version: 2.3.6
  resolution: "jackspeak@npm:2.3.6"
  dependencies:
    "@isaacs/cliui": "npm:^8.0.2"
    "@pkgjs/parseargs": "npm:^0.11.0"
  dependenciesMeta:
    "@pkgjs/parseargs":
      optional: true
  checksum: f01d8f972d894cd7638bc338e9ef5ddb86f7b208ce177a36d718eac96ec86638a6efa17d0221b10073e64b45edc2ce15340db9380b1f5d5c5d000cbc517dc111
  languageName: node
  linkType: hard

"js-tokens@npm:^4.0.0":
  version: 4.0.0
  resolution: "js-tokens@npm:4.0.0"
  checksum: e248708d377aa058eacf2037b07ded847790e6de892bbad3dac0abba2e759cb9f121b00099a65195616badcb6eca8d14d975cb3e89eb1cfda644756402c8aeed
  languageName: node
  linkType: hard

"js-yaml@npm:^4.1.0":
  version: 4.1.0
  resolution: "js-yaml@npm:4.1.0"
  dependencies:
    argparse: "npm:^2.0.1"
  bin:
    js-yaml: bin/js-yaml.js
  checksum: 184a24b4eaacfce40ad9074c64fd42ac83cf74d8c8cd137718d456ced75051229e5061b8633c3366b8aada17945a7a356b337828c19da92b51ae62126575018f
  languageName: node
  linkType: hard

"jsesc@npm:^2.5.1":
  version: 2.5.2
  resolution: "jsesc@npm:2.5.2"
  bin:
    jsesc: bin/jsesc
  checksum: dbf59312e0ebf2b4405ef413ec2b25abb5f8f4d9bc5fb8d9f90381622ebca5f2af6a6aa9a8578f65903f9e33990a6dc798edd0ce5586894bf0e9e31803a1de88
  languageName: node
  linkType: hard

"json5@npm:^2.2.3":
  version: 2.2.3
  resolution: "json5@npm:2.2.3"
  bin:
    json5: lib/cli.js
  checksum: 5a04eed94810fa55c5ea138b2f7a5c12b97c3750bc63d11e511dcecbfef758003861522a070c2272764ee0f4e3e323862f386945aeb5b85b87ee43f084ba586c
  languageName: node
  linkType: hard

"jsonc-parser@npm:~3.2.0":
  version: 3.2.0
  resolution: "jsonc-parser@npm:3.2.0"
  checksum: 5a12d4d04dad381852476872a29dcee03a57439574e4181d91dca71904fcdcc5e8e4706c0a68a2c61ad9810e1e1c5806b5100d52d3e727b78f5cdc595401045b
  languageName: node
  linkType: hard

"linkify-it@npm:^4.0.1":
  version: 4.0.1
  resolution: "linkify-it@npm:4.0.1"
  dependencies:
    uc.micro: "npm:^1.0.1"
  checksum: f1949ee2c7c2979c4f80c8c08f507d813f50775ebc5adfdb7ee662f28e0ee53dbd4a329d5231be67414405fc60d4e99b37536d6949702d311fe509a6bcbcf4a6
  languageName: node
  linkType: hard

"lru-cache@npm:^5.1.1":
  version: 5.1.1
  resolution: "lru-cache@npm:5.1.1"
  dependencies:
    yallist: "npm:^3.0.2"
  checksum: 89b2ef2ef45f543011e38737b8a8622a2f8998cddf0e5437174ef8f1f70a8b9d14a918ab3e232cb3ba343b7abddffa667f0b59075b2b80e6b4d63c3de6127482
  languageName: node
  linkType: hard

"lru-cache@npm:^9.1.1 || ^10.0.0":
  version: 10.1.0
  resolution: "lru-cache@npm:10.1.0"
  checksum: 778bc8b2626daccd75f24c4b4d10632496e21ba064b126f526c626fbdbc5b28c472013fccd45d7646b9e1ef052444824854aed617b59cd570d01a8b7d651fc1e
  languageName: node
  linkType: hard

"markdown-it@npm:13.0.1":
  version: 13.0.1
  resolution: "markdown-it@npm:13.0.1"
  dependencies:
    argparse: "npm:^2.0.1"
    entities: "npm:~3.0.1"
    linkify-it: "npm:^4.0.1"
    mdurl: "npm:^1.0.1"
    uc.micro: "npm:^1.0.5"
  bin:
    markdown-it: bin/markdown-it.js
  checksum: 3e21f9782cc5c7af55d0c822b1d938fb918ad3397653dee746a33ad6a245fb31068fcc5f719e66ebc579d01dd47ea9e3e019c398650e592d7ce5e613147f4f1d
  languageName: node
  linkType: hard

"markdownlint-cli@npm:^0.37.0":
  version: 0.37.0
  resolution: "markdownlint-cli@npm:0.37.0"
  dependencies:
    commander: "npm:~11.0.0"
    get-stdin: "npm:~9.0.0"
    glob: "npm:~10.3.4"
    ignore: "npm:~5.2.4"
    js-yaml: "npm:^4.1.0"
    jsonc-parser: "npm:~3.2.0"
    markdownlint: "npm:~0.31.1"
    minimatch: "npm:~9.0.3"
    run-con: "npm:~1.3.2"
  bin:
    markdownlint: markdownlint.js
  checksum: eca64f2b3949dc7354862aa19e133eaef9a8f3bd2b94ce44396e5cd1c425ac92442eb3244ee800f1479e982276fbd3a91b8a2328aba8210fd0f1d9d50652e44e
  languageName: node
  linkType: hard

"markdownlint-micromark@npm:0.1.7":
  version: 0.1.7
  resolution: "markdownlint-micromark@npm:0.1.7"
  checksum: d9d20cac1a7f20731c1abeb590147151b9f0ddf070125467e6cd769b9dfabf5c98bcb28f5dbc33d91bcb13ec8aadf79739145552af3751142417f887cc985b67
  languageName: node
  linkType: hard

"markdownlint@npm:~0.31.1":
  version: 0.31.1
  resolution: "markdownlint@npm:0.31.1"
  dependencies:
    markdown-it: "npm:13.0.1"
    markdownlint-micromark: "npm:0.1.7"
  checksum: ac032bcbe290217b44e5a98a629737b505fb148bbaf7fc74570d9e713837f003b6b7d8dc49aa1e049142c43266ea92461f332da61429afa86f123a00ffc891cc
  languageName: node
  linkType: hard

"mdurl@npm:^1.0.1":
  version: 1.0.1
  resolution: "mdurl@npm:1.0.1"
  checksum: ea8534341eb002aaa532a722daef6074cd8ca66202e10a2b4cda46722c1ebdb1da92197ac300bc953d3ef1bf41cd6561ef2cc69d82d5d0237dae00d4a61a4eee
  languageName: node
  linkType: hard

"minimatch@npm:^5.0.1":
  version: 5.1.6
  resolution: "minimatch@npm:5.1.6"
  dependencies:
    brace-expansion: "npm:^2.0.1"
  checksum: 3defdfd230914f22a8da203747c42ee3c405c39d4d37ffda284dac5e45b7e1f6c49aa8be606509002898e73091ff2a3bbfc59c2c6c71d4660609f63aa92f98e3
  languageName: node
  linkType: hard

"minimatch@npm:^9.0.1, minimatch@npm:~9.0.3":
  version: 9.0.3
  resolution: "minimatch@npm:9.0.3"
  dependencies:
    brace-expansion: "npm:^2.0.1"
  checksum: 85f407dcd38ac3e180f425e86553911d101455ca3ad5544d6a7cec16286657e4f8a9aa6695803025c55e31e35a91a2252b5dc8e7d527211278b8b65b4dbd5eac
  languageName: node
  linkType: hard

"minimist@npm:^1.2.8":
  version: 1.2.8
  resolution: "minimist@npm:1.2.8"
  checksum: 19d3fcdca050087b84c2029841a093691a91259a47def2f18222f41e7645a0b7c44ef4b40e88a1e58a40c84d2ef0ee6047c55594d298146d0eb3f6b737c20ce6
  languageName: node
  linkType: hard

"minipass@npm:^5.0.0 || ^6.0.2 || ^7.0.0":
  version: 7.0.4
  resolution: "minipass@npm:7.0.4"
  checksum: 6c7370a6dfd257bf18222da581ba89a5eaedca10e158781232a8b5542a90547540b4b9b7e7f490e4cda43acfbd12e086f0453728ecf8c19e0ef6921bc5958ac5
  languageName: node
  linkType: hard

"ms@npm:2.1.2":
  version: 2.1.2
  resolution: "ms@npm:2.1.2"
  checksum: a437714e2f90dbf881b5191d35a6db792efbca5badf112f87b9e1c712aace4b4b9b742dd6537f3edf90fd6f684de897cec230abde57e87883766712ddda297cc
  languageName: node
  linkType: hard

"node-releases@npm:^2.0.14":
  version: 2.0.14
  resolution: "node-releases@npm:2.0.14"
  checksum: 199fc93773ae70ec9969bc6d5ac5b2bbd6eb986ed1907d751f411fef3ede0e4bfdb45ceb43711f8078bea237b6036db8b1bf208f6ff2b70c7d615afd157f3ab9
  languageName: node
  linkType: hard

"once@npm:^1.3.0":
  version: 1.4.0
  resolution: "once@npm:1.4.0"
  dependencies:
    wrappy: "npm:1"
  checksum: 5d48aca287dfefabd756621c5dfce5c91a549a93e9fdb7b8246bc4c4790aa2ec17b34a260530474635147aeb631a2dcc8b32c613df0675f96041cbb8244517d0
  languageName: node
  linkType: hard

"path-key@npm:^3.1.0":
  version: 3.1.1
  resolution: "path-key@npm:3.1.1"
  checksum: 748c43efd5a569c039d7a00a03b58eecd1d75f3999f5a28303d75f521288df4823bc057d8784eb72358b2895a05f29a070bc9f1f17d28226cc4e62494cc58c4c
  languageName: node
  linkType: hard

"path-scurry@npm:^1.10.1":
  version: 1.10.1
  resolution: "path-scurry@npm:1.10.1"
  dependencies:
    lru-cache: "npm:^9.1.1 || ^10.0.0"
    minipass: "npm:^5.0.0 || ^6.0.2 || ^7.0.0"
  checksum: e5dc78a7348d25eec61ab166317e9e9c7b46818aa2c2b9006c507a6ff48c672d011292d9662527213e558f5652ce0afcc788663a061d8b59ab495681840c0c1e
  languageName: node
  linkType: hard

"picocolors@npm:^1.0.0":
  version: 1.0.0
  resolution: "picocolors@npm:1.0.0"
  checksum: 20a5b249e331c14479d94ec6817a182fd7a5680debae82705747b2db7ec50009a5f6648d0621c561b0572703f84dbef0858abcbd5856d3c5511426afcb1961f7
  languageName: node
  linkType: hard

"replace-in-file@npm:^7.0.1":
  version: 7.0.2
  resolution: "replace-in-file@npm:7.0.2"
  dependencies:
    chalk: "npm:^4.1.2"
    glob: "npm:^8.1.0"
    yargs: "npm:^17.7.2"
  bin:
    replace-in-file: bin/cli.js
  checksum: 255cf3c8d5150730cadc5ad9c618d9df6a5a552a6c3b663c9d8257933229f11f934869d203d8babde7c9f4d0806445bee10ff357f5dc30f53dfcb5e5b351dea2
  languageName: node
  linkType: hard

"require-directory@npm:^2.1.1":
  version: 2.1.1
  resolution: "require-directory@npm:2.1.1"
  checksum: 83aa76a7bc1531f68d92c75a2ca2f54f1b01463cb566cf3fbc787d0de8be30c9dbc211d1d46be3497dac5785fe296f2dd11d531945ac29730643357978966e99
  languageName: node
  linkType: hard

"run-con@npm:~1.3.2":
  version: 1.3.2
  resolution: "run-con@npm:1.3.2"
  dependencies:
    deep-extend: "npm:^0.6.0"
    ini: "npm:~4.1.0"
    minimist: "npm:^1.2.8"
    strip-json-comments: "npm:~3.1.1"
  bin:
    run-con: cli.js
  checksum: b0bdd3083cf9f188e72df8905a1a40a1478e2a7437b0312ab1b824e058129388b811705ee7874e9a707e5de0e8fb8eb790da3aa0a23375323feecd1da97d5cf6
  languageName: node
  linkType: hard

"semver@npm:^6.3.1":
  version: 6.3.1
  resolution: "semver@npm:6.3.1"
  bin:
    semver: bin/semver.js
  checksum: e3d79b609071caa78bcb6ce2ad81c7966a46a7431d9d58b8800cfa9cb6a63699b3899a0e4bcce36167a284578212d9ae6942b6929ba4aa5015c079a67751d42d
  languageName: node
  linkType: hard

"shebang-command@npm:^2.0.0":
  version: 2.0.0
  resolution: "shebang-command@npm:2.0.0"
  dependencies:
    shebang-regex: "npm:^3.0.0"
  checksum: a41692e7d89a553ef21d324a5cceb5f686d1f3c040759c50aab69688634688c5c327f26f3ecf7001ebfd78c01f3c7c0a11a7c8bfd0a8bc9f6240d4f40b224e4e
  languageName: node
  linkType: hard

"shebang-regex@npm:^3.0.0":
  version: 3.0.0
  resolution: "shebang-regex@npm:3.0.0"
  checksum: 1dbed0726dd0e1152a92696c76c7f06084eb32a90f0528d11acd764043aacf76994b2fb30aa1291a21bd019d6699164d048286309a278855ee7bec06cf6fb690
  languageName: node
  linkType: hard

"signal-exit@npm:^4.0.1":
  version: 4.1.0
  resolution: "signal-exit@npm:4.1.0"
  checksum: 41602dce540e46d599edba9d9860193398d135f7ff72cab629db5171516cfae628d21e7bfccde1bbfdf11c48726bc2a6d1a8fb8701125852fbfda7cf19c6aa83
  languageName: node
  linkType: hard

"string-width-cjs@npm:string-width@^4.2.0, string-width@npm:^4.1.0, string-width@npm:^4.2.0, string-width@npm:^4.2.3":
  version: 4.2.3
  resolution: "string-width@npm:4.2.3"
  dependencies:
    emoji-regex: "npm:^8.0.0"
    is-fullwidth-code-point: "npm:^3.0.0"
    strip-ansi: "npm:^6.0.1"
  checksum: 1e525e92e5eae0afd7454086eed9c818ee84374bb80328fc41217ae72ff5f065ef1c9d7f72da41de40c75fa8bb3dee63d92373fd492c84260a552c636392a47b
  languageName: node
  linkType: hard

"string-width@npm:^5.0.1, string-width@npm:^5.1.2":
  version: 5.1.2
  resolution: "string-width@npm:5.1.2"
  dependencies:
    eastasianwidth: "npm:^0.2.0"
    emoji-regex: "npm:^9.2.2"
    strip-ansi: "npm:^7.0.1"
  checksum: ab9c4264443d35b8b923cbdd513a089a60de339216d3b0ed3be3ba57d6880e1a192b70ae17225f764d7adbf5994e9bb8df253a944736c15a0240eff553c678ca
  languageName: node
  linkType: hard

"strip-ansi-cjs@npm:strip-ansi@^6.0.1, strip-ansi@npm:^6.0.0, strip-ansi@npm:^6.0.1":
  version: 6.0.1
  resolution: "strip-ansi@npm:6.0.1"
  dependencies:
    ansi-regex: "npm:^5.0.1"
  checksum: 1ae5f212a126fe5b167707f716942490e3933085a5ff6c008ab97ab2f272c8025d3aa218b7bd6ab25729ca20cc81cddb252102f8751e13482a5199e873680952
  languageName: node
  linkType: hard

"strip-ansi@npm:^7.0.1":
  version: 7.1.0
  resolution: "strip-ansi@npm:7.1.0"
  dependencies:
    ansi-regex: "npm:^6.0.1"
  checksum: a198c3762e8832505328cbf9e8c8381de14a4fa50a4f9b2160138158ea88c0f5549fb50cb13c651c3088f47e63a108b34622ec18c0499b6c8c3a5ddf6b305ac4
  languageName: node
  linkType: hard

"strip-json-comments@npm:~3.1.1":
  version: 3.1.1
  resolution: "strip-json-comments@npm:3.1.1"
  checksum: 9681a6257b925a7fa0f285851c0e613cc934a50661fa7bb41ca9cbbff89686bb4a0ee366e6ecedc4daafd01e83eee0720111ab294366fe7c185e935475ebcecd
  languageName: node
  linkType: hard

"supports-color@npm:^5.3.0":
  version: 5.5.0
  resolution: "supports-color@npm:5.5.0"
  dependencies:
    has-flag: "npm:^3.0.0"
  checksum: 6ae5ff319bfbb021f8a86da8ea1f8db52fac8bd4d499492e30ec17095b58af11f0c55f8577390a749b1c4dde691b6a0315dab78f5f54c9b3d83f8fb5905c1c05
  languageName: node
  linkType: hard

"supports-color@npm:^7.1.0":
  version: 7.2.0
  resolution: "supports-color@npm:7.2.0"
  dependencies:
    has-flag: "npm:^4.0.0"
  checksum: afb4c88521b8b136b5f5f95160c98dee7243dc79d5432db7efc27efb219385bbc7d9427398e43dd6cc730a0f87d5085ce1652af7efbe391327bc0a7d0f7fc124
  languageName: node
  linkType: hard

"to-fast-properties@npm:^2.0.0":
  version: 2.0.0
  resolution: "to-fast-properties@npm:2.0.0"
  checksum: b214d21dbfb4bce3452b6244b336806ffea9c05297148d32ebb428d5c43ce7545bdfc65a1ceb58c9ef4376a65c0cb2854d645f33961658b3e3b4f84910ddcdd7
  languageName: node
  linkType: hard

"ts-fundamentals@workspace:packages/ts-fundamentals":
  version: 0.0.0-use.local
  resolution: "ts-fundamentals@workspace:packages/ts-fundamentals"
  dependencies:
    typescript: "npm:^5.3.3"
  languageName: unknown
  linkType: soft

"typescript-playground@workspace:.":
  version: 0.0.0-use.local
  resolution: "typescript-playground@workspace:."
  dependencies:
    "@babel/core": "npm:^7.23.2"
    "@babel/preset-typescript": "npm:^7.23.2"
    core-js: "npm:^3.33.0"
    markdownlint-cli: "npm:^0.37.0"
    replace-in-file: "npm:^7.0.1"
  languageName: unknown
  linkType: soft

"typescript@npm:^5.3.3":
  version: 5.3.3
  resolution: "typescript@npm:5.3.3"
  bin:
    tsc: bin/tsc
    tsserver: bin/tsserver
  checksum: e33cef99d82573624fc0f854a2980322714986bc35b9cb4d1ce736ed182aeab78e2cb32b385efa493b2a976ef52c53e20d6c6918312353a91850e2b76f1ea44f
  languageName: node
  linkType: hard

"typescript@patch:typescript@npm%3A^5.3.3#optional!builtin<compat/typescript>":
  version: 5.3.3
  resolution: "typescript@patch:typescript@npm%3A5.3.3#optional!builtin<compat/typescript>::version=5.3.3&hash=e012d7"
  bin:
    tsc: bin/tsc
    tsserver: bin/tsserver
  checksum: 1d0a5f4ce496c42caa9a30e659c467c5686eae15d54b027ee7866744952547f1be1262f2d40de911618c242b510029d51d43ff605dba8fb740ec85ca2d3f9500
  languageName: node
  linkType: hard

"uc.micro@npm:^1.0.1, uc.micro@npm:^1.0.5":
  version: 1.0.6
  resolution: "uc.micro@npm:1.0.6"
  checksum: 9bde2afc6f2e24b899db6caea47dae778b88862ca76688d844ef6e6121dec0679c152893a74a6cfbd2e6fde34654e6bd8424fee8e0166cdfa6c9ae5d42b8a17b
  languageName: node
  linkType: hard

"update-browserslist-db@npm:^1.0.13":
  version: 1.0.13
  resolution: "update-browserslist-db@npm:1.0.13"
  dependencies:
    escalade: "npm:^3.1.1"
    picocolors: "npm:^1.0.0"
  peerDependencies:
    browserslist: ">= 4.21.0"
  bin:
    update-browserslist-db: cli.js
  checksum: e52b8b521c78ce1e0c775f356cd16a9c22c70d25f3e01180839c407a5dc787fb05a13f67560cbaf316770d26fa99f78f1acd711b1b54a4f35d4820d4ea7136e6
  languageName: node
  linkType: hard

"which@npm:^2.0.1":
  version: 2.0.2
  resolution: "which@npm:2.0.2"
  dependencies:
    isexe: "npm:^2.0.0"
  bin:
    node-which: ./bin/node-which
  checksum: 66522872a768b60c2a65a57e8ad184e5372f5b6a9ca6d5f033d4b0dc98aff63995655a7503b9c0a2598936f532120e81dd8cc155e2e92ed662a2b9377cc4374f
  languageName: node
  linkType: hard

"wrap-ansi-cjs@npm:wrap-ansi@^7.0.0, wrap-ansi@npm:^7.0.0":
  version: 7.0.0
  resolution: "wrap-ansi@npm:7.0.0"
  dependencies:
    ansi-styles: "npm:^4.0.0"
    string-width: "npm:^4.1.0"
    strip-ansi: "npm:^6.0.0"
  checksum: d15fc12c11e4cbc4044a552129ebc75ee3f57aa9c1958373a4db0292d72282f54373b536103987a4a7594db1ef6a4f10acf92978f79b98c49306a4b58c77d4da
  languageName: node
  linkType: hard

"wrap-ansi@npm:^8.1.0":
  version: 8.1.0
  resolution: "wrap-ansi@npm:8.1.0"
  dependencies:
    ansi-styles: "npm:^6.1.0"
    string-width: "npm:^5.0.1"
    strip-ansi: "npm:^7.0.1"
  checksum: 138ff58a41d2f877eae87e3282c0630fc2789012fc1af4d6bd626eeb9a2f9a65ca92005e6e69a75c7b85a68479fe7443c7dbe1eb8fbaa681a4491364b7c55c60
  languageName: node
  linkType: hard

"wrappy@npm:1":
  version: 1.0.2
  resolution: "wrappy@npm:1.0.2"
  checksum: 56fece1a4018c6a6c8e28fbc88c87e0fbf4ea8fd64fc6c63b18f4acc4bd13e0ad2515189786dd2c30d3eec9663d70f4ecf699330002f8ccb547e4a18231fc9f0
  languageName: node
  linkType: hard

"y18n@npm:^5.0.5":
  version: 5.0.8
  resolution: "y18n@npm:5.0.8"
  checksum: 4df2842c36e468590c3691c894bc9cdbac41f520566e76e24f59401ba7d8b4811eb1e34524d57e54bc6d864bcb66baab7ffd9ca42bf1eda596618f9162b91249
  languageName: node
  linkType: hard

"yallist@npm:^3.0.2":
  version: 3.1.1
  resolution: "yallist@npm:3.1.1"
  checksum: c66a5c46bc89af1625476f7f0f2ec3653c1a1791d2f9407cfb4c2ba812a1e1c9941416d71ba9719876530e3340a99925f697142989371b72d93b9ee628afd8c1
  languageName: node
  linkType: hard

"yargs-parser@npm:^21.1.1":
  version: 21.1.1
  resolution: "yargs-parser@npm:21.1.1"
  checksum: f84b5e48169479d2f402239c59f084cfd1c3acc197a05c59b98bab067452e6b3ea46d4dd8ba2985ba7b3d32a343d77df0debd6b343e5dae3da2aab2cdf5886b2
  languageName: node
  linkType: hard

"yargs@npm:^17.7.2":
  version: 17.7.2
  resolution: "yargs@npm:17.7.2"
  dependencies:
    cliui: "npm:^8.0.1"
    escalade: "npm:^3.1.1"
    get-caller-file: "npm:^2.0.5"
    require-directory: "npm:^2.1.1"
    string-width: "npm:^4.2.3"
    y18n: "npm:^5.0.5"
    yargs-parser: "npm:^21.1.1"
  checksum: ccd7e723e61ad5965fffbb791366db689572b80cca80e0f96aad968dfff4156cd7cd1ad18607afe1046d8241e6fb2d6c08bf7fa7bfb5eaec818735d8feac8f05
  languageName: node
  linkType: hard
